<?xml version="1.0" encoding="utf-8"?>
<Project ToolsVersion="4.0" xmlns="http://schemas.microsoft.com/developer/msbuild/2003">
  <ItemGroup>
    <Filter Include="source">
      <UniqueIdentifier>{b7510da3-2dc3-4acf-86a2-9d69e3f0b3e8}</UniqueIdentifier>
      <Extensions>cpp;c;cxx;def;odl;idl;hpj;bat;asm</Extensions>
    </Filter>
    <Filter Include="include">
      <UniqueIdentifier>{ed334950-8982-4ae0-a96c-f7d8f6a37e4e}</UniqueIdentifier>
      <Extensions>h;hpp;hxx;hm;inl;inc</Extensions>
    </Filter>
    <Filter Include="resource">
      <UniqueIdentifier>{14793528-cb09-400e-a892-42e5d67f4165}</UniqueIdentifier>
      <Extensions>rc;ico;cur;bmp;dlg;rc2;rct;bin;rgs;jpg;jpeg;jpe;png;manifest</Extensions>
    </Filter>
  </ItemGroup>
  <ItemGroup>
    <Image Include="res\Pong.ico">
      <Filter>resource</Filter>
    </Image>
    <Image Include="..\Resources\CloseSelected.png">
      <Filter>resource</Filter>
    </Image>
    <Image Include="..\Resources\CloseNormal.png">
      <Filter>resource</Filter>
    </Image>
    <Image Include="..\Resources\HelloWorld.png">
      <Filter>resource</Filter>
    </Image>
  </ItemGroup>
  <ItemGroup>
    <ResourceCompile Include="Pong.rc">
      <Filter>resource</Filter>
    </ResourceCompile>
  </ItemGroup>
  <ItemGroup>
    <ClInclude Include="resource.h">
      <Filter>include</Filter>
    </ClInclude>
    <ClInclude Include="main.h">
      <Filter>include</Filter>
    </ClInclude>
    <ClInclude Include="..\Classes\AppDelegate.h">
      <Filter>include</Filter>
    </ClInclude>
    <ClInclude Include="..\Classes\HelloWorldScene.h">
      <Filter>include</Filter>
    </ClInclude>
    <ClInclude Include="PongScene.h">
      <Filter>include</Filter>
    </ClInclude>
    <ClInclude Include="Ball.h">
      <Filter>include</Filter>
    </ClInclude>
    <ClInclude Include="VisibleRect.h">
      <Filter>include</Filter>
    </ClInclude>
    <ClInclude Include="Paddle.h">
      <Filter>include</Filter>
    </ClInclude>
    <ClInclude Include="Block.h">
      <Filter>include</Filter>
    </ClInclude>
    <ClInclude Include="TMXTileSet.h">
      <Filter>include</Filter>
    </ClInclude>
  </ItemGroup>
  <ItemGroup>
    <ClCompile Include="main.cpp">
      <Filter>source</Filter>
    </ClCompile>
    <ClCompile Include="..\Classes\AppDelegate.cpp">
      <Filter>source</Filter>
    </ClCompile>
    <ClCompile Include="..\Classes\HelloWorldScene.cpp">
      <Filter>source</Filter>
    </ClCompile>
    <ClCompile Include="PongScene.cpp">
      <Filter>source</Filter>
    </ClCompile>
    <ClCompile Include="Ball.cpp">
      <Filter>source</Filter>
    </ClCompile>
    <ClCompile Include="VisibleRect.cpp">
      <Filter>source</Filter>
    </ClCompile>
    <ClCompile Include="Paddle.cpp">
      <Filter>source</Filter>
    </ClCompile>
    <ClCompile Include="Block.cpp">
      <Filter>source</Filter>
    </ClCompile>
    <ClCompile Include="TMXTileSet.cpp">
      <Filter>source</Filter>
    </ClCompile>
  </ItemGroup>
</Project>